[[package]]
name = "commonmark"
version = "0.9.1"
summary = "Python parser for the CommonMark Markdown spec"

[[package]]
name = "maxconsole"
version = "0.5.1"
requires_python = ">=3.10"
summary = "MaxConsole instantiates a customizable themed wrapper around the awesome Rich Library's Console."
dependencies = [
    "rich>=12.6.0",
]

[[package]]
name = "pygments"
version = "2.13.0"
requires_python = ">=3.6"
summary = "Pygments is a syntax highlighting package written in Python."

[[package]]
name = "rich"
version = "12.6.0"
requires_python = ">=3.6.3,<4.0.0"
summary = "Render rich text, tables, progress bars, syntax highlighting, markdown and more to the terminal"
dependencies = [
    "commonmark<0.10.0,>=0.9.0",
    "pygments<3.0.0,>=2.6.0",
]

[metadata]
lock_version = "4.1"
content_hash = "sha256:d8e2cf0e79b773686017a4ac95dddec4e98a0013591b5dc1b27d2d0ba863c8ae"

[metadata.files]
"commonmark 0.9.1" = [
    {url = "https://files.pythonhosted.org/packages/60/48/a60f593447e8f0894ebb7f6e6c1f25dafc5e89c5879fdc9360ae93ff83f0/commonmark-0.9.1.tar.gz", hash = "sha256:452f9dc859be7f06631ddcb328b6919c67984aca654e5fefb3914d54691aed60"},
    {url = "https://files.pythonhosted.org/packages/b1/92/dfd892312d822f36c55366118b95d914e5f16de11044a27cf10a7d71bbbf/commonmark-0.9.1-py2.py3-none-any.whl", hash = "sha256:da2f38c92590f83de410ba1a3cbceafbc74fee9def35f9251ba9a971d6d66fd9"},
]
"maxconsole 0.5.1" = [
    {url = "https://files.pythonhosted.org/packages/dc/d8/5cb29089739d00e12f7af520994cfebfe640df6314fa3085287717a08ee4/maxconsole-0.5.1-py3-none-any.whl", hash = "sha256:3ae40d47da80838d2f9b6fb783e387c4cc3dd63d7ce2fe8d0795d91fdfc38ddc"},
    {url = "https://files.pythonhosted.org/packages/eb/57/d03af992d051e49200d29b3e09180a02e33aa13443a047d6991cc05f8c41/maxconsole-0.5.1.tar.gz", hash = "sha256:59403c1d135b84e45370523c3e565b5f8e9d51bb8498fe40ee49c8e3cce9e545"},
]
"pygments 2.13.0" = [
    {url = "https://files.pythonhosted.org/packages/4f/82/672cd382e5b39ab1cd422a672382f08a1fb3d08d9e0c0f3707f33a52063b/Pygments-2.13.0-py3-none-any.whl", hash = "sha256:f643f331ab57ba3c9d89212ee4a2dabc6e94f117cf4eefde99a0574720d14c42"},
    {url = "https://files.pythonhosted.org/packages/e0/ef/5905cd3642f2337d44143529c941cc3a02e5af16f0f65f81cbef7af452bb/Pygments-2.13.0.tar.gz", hash = "sha256:56a8508ae95f98e2b9bdf93a6be5ae3f7d8af858b43e02c5a2ff083726be40c1"},
]
"rich 12.6.0" = [
    {url = "https://files.pythonhosted.org/packages/11/23/814edf09ec6470d52022b9e95c23c1bef77f0bc451761e1504ebd09606d3/rich-12.6.0.tar.gz", hash = "sha256:ba3a3775974105c221d31141f2c116f4fd65c5ceb0698657a11e9f295ec93fd0"},
    {url = "https://files.pythonhosted.org/packages/32/60/81ac2e7d1e3b861ab478a72e3b20fc91c4302acd2274822e493758941829/rich-12.6.0-py3-none-any.whl", hash = "sha256:a4eb26484f2c82589bd9a17c73d32a010b1e29d89f1604cd9bf3a2097b81bb5e"},
]
